
Microsoft Visual Studio Solution File, Format Version 12.00
# Visual Studio 15
VisualStudioVersion = 15.0.27703.2042
MinimumVisualStudioVersion = 10.0.40219.1
Project("{8BC9CEB8-8B4A-11D0-8D11-00A0C91BC942}") = "Pong", "Pong.vcxproj", "{E6479A00-71D6-44F0-8985-8F281D032985}"
EndProject
Global
	GlobalSection(SolutionConfigurationPlatforms) = preSolution
		Debug|x64 = Debug|x64
		Debug|x86 = Debug|x86
		Release|x64 = Release|x64
		Release|x86 = Release|x86
	EndGlobalSection
	GlobalSection(ProjectConfigurationPlatforms) = postSolution
		{E6479A00-71D6-44F0-8985-8F281D032985}.Debug|x64.ActiveCfg = Debug|x64
		{E6479A00-71D6-44F0-8985-8F281D032985}.Debug|x64.Build.0 = Debug|x64
		{E6479A00-71D6-44F0-8985-8F281D032985}.Debug|x86.ActiveCfg = Debug|x64
		{E6479A00-71D6-44F0-8985-8F281D032985}.Debug|x86.Build.0 = Debug|x64
		{E6479A00-71D6-44F0-8985-8F281D032985}.Release|x64.ActiveCfg = Release|x64
		{E6479A00-71D6-44F0-8985-8F281D032985}.Release|x64.Build.0 = Release|x64
		{E6479A00-71D6-44F0-8985-8F281D032985}.Release|x86.ActiveCfg = Release|Win32
		{E6479A00-71D6-44F0-8985-8F281D032985}.Release|x86.Build.0 = Release|Win32
	EndGlobalSection
	GlobalSection(SolutionProperties) = preSolution
		HideSolutionNode = FALSE
	EndGlobalSection
	GlobalSection(ExtensibilityGlobals) = postSolution
		SolutionGuid = {CC85A687-106E-45F0-BE80-C44E688DE735}
	EndGlobalSection
EndGlobal
